
Microsoft Visual Studio Solution File, Format Version 12.00
# Visual Studio Version 17
VisualStudioVersion = 17.1.32104.313
MinimumVisualStudioVersion = 10.0.40219.1
Project("{9A19103F-16F7-4668-BE54-9A1E7A4F7556}") = "Yam", "src\Yam\Yam.csproj", "{562241AE-1811-463E-AD9D-500F832F5C4C}"
EndProject
Project("{9A19103F-16F7-4668-BE54-9A1E7A4F7556}") = "Yam.Generator", "src\Yam.Generator\Yam.Generator.csproj", "{D5292E82-B6D3-4A35-8B10-1B69F9470E0A}"
EndProject
Global
	GlobalSection(SolutionConfigurationPlatforms) = preSolution
		Debug|Any CPU = Debug|Any CPU
		Release|Any CPU = Release|Any CPU
	EndGlobalSection
	GlobalSection(ProjectConfigurationPlatforms) = postSolution
		{562241AE-1811-463E-AD9D-500F832F5C4C}.Debug|Any CPU.ActiveCfg = Debug|Any CPU
		{562241AE-1811-463E-AD9D-500F832F5C4C}.Debug|Any CPU.Build.0 = Debug|Any CPU
		{562241AE-1811-463E-AD9D-500F832F5C4C}.Release|Any CPU.ActiveCfg = Release|Any CPU
		{562241AE-1811-463E-AD9D-500F832F5C4C}.Release|Any CPU.Build.0 = Release|Any CPU
		{D5292E82-B6D3-4A35-8B10-1B69F9470E0A}.Debug|Any CPU.ActiveCfg = Debug|Any CPU
		{D5292E82-B6D3-4A35-8B10-1B69F9470E0A}.Debug|Any CPU.Build.0 = Debug|Any CPU
		{D5292E82-B6D3-4A35-8B10-1B69F9470E0A}.Release|Any CPU.ActiveCfg = Release|Any CPU
		{D5292E82-B6D3-4A35-8B10-1B69F9470E0A}.Release|Any CPU.Build.0 = Release|Any CPU
	EndGlobalSection
	GlobalSection(SolutionProperties) = preSolution
		HideSolutionNode = FALSE
	EndGlobalSection
	GlobalSection(ExtensibilityGlobals) = postSolution
		SolutionGuid = {192334EE-851C-44A6-BB55-6C6DCEB21FA7}
	EndGlobalSection
EndGlobal
